
Microsoft Visual Studio Solution File, Format Version 12.00
# Visual Studio Version 16
VisualStudioVersion = 16.0.30717.126
MinimumVisualStudioVersion = 10.0.40219.1
Project("{9A19103F-16F7-4668-BE54-9A1E7A4F7556}") = "AdventOfCode2020", "AdventOfCode2020\AdventOfCode2020.csproj", "{9F112207-BDF4-4BEB-BF2E-698E616AD23C}"
EndProject
Project("{F2A71F9B-5D33-465A-A702-920D77279786}") = "AdventOfCode2020F", "AdventOfCode2020F\AdventOfCode2020F.fsproj", "{B6D83B59-CD37-4035-A5B1-8E1861EFBB43}"
EndProject
Global
	GlobalSection(SolutionConfigurationPlatforms) = preSolution
		Debug|Any CPU = Debug|Any CPU
		Release|Any CPU = Release|Any CPU
	EndGlobalSection
	GlobalSection(ProjectConfigurationPlatforms) = postSolution
		{9F112207-BDF4-4BEB-BF2E-698E616AD23C}.Debug|Any CPU.ActiveCfg = Debug|Any CPU
		{9F112207-BDF4-4BEB-BF2E-698E616AD23C}.Debug|Any CPU.Build.0 = Debug|Any CPU
		{9F112207-BDF4-4BEB-BF2E-698E616AD23C}.Release|Any CPU.ActiveCfg = Release|Any CPU
		{9F112207-BDF4-4BEB-BF2E-698E616AD23C}.Release|Any CPU.Build.0 = Release|Any CPU
		{B6D83B59-CD37-4035-A5B1-8E1861EFBB43}.Debug|Any CPU.ActiveCfg = Debug|Any CPU
		{B6D83B59-CD37-4035-A5B1-8E1861EFBB43}.Debug|Any CPU.Build.0 = Debug|Any CPU
		{B6D83B59-CD37-4035-A5B1-8E1861EFBB43}.Release|Any CPU.ActiveCfg = Release|Any CPU
		{B6D83B59-CD37-4035-A5B1-8E1861EFBB43}.Release|Any CPU.Build.0 = Release|Any CPU
	EndGlobalSection
	GlobalSection(SolutionProperties) = preSolution
		HideSolutionNode = FALSE
	EndGlobalSection
	GlobalSection(ExtensibilityGlobals) = postSolution
		SolutionGuid = {FFB454FD-4EEF-4D3B-98B4-51D9FFF52CB9}
	EndGlobalSection
EndGlobal
